
Microsoft Visual Studio Solution File, Format Version 12.00
# Visual Studio 15
VisualStudioVersion = 15.0.28307.168
MinimumVisualStudioVersion = 10.0.40219.1
Project("{2150E333-8FDC-42A3-9474-1A3956D46DE8}") = "src", "src", "{7499526C-796A-4623-B557-746B4441A685}"
EndProject
Project("{2150E333-8FDC-42A3-9474-1A3956D46DE8}") = "api", "api", "{AFD43FE3-BA64-40B7-9501-BEE10C8CDFD3}"
EndProject
Project("{9A19103F-16F7-4668-BE54-9A1E7A4F7556}") = "Tournament.Api", "src\api\Tournament.Api\Tournament.Api.csproj", "{6EE049D3-00D4-4A3E-9B43-F787384A1592}"
EndProject
Project("{9A19103F-16F7-4668-BE54-9A1E7A4F7556}") = "Tournament.Application", "src\api\Tournament.Application\Tournament.Application.csproj", "{E535838B-64A7-4C40-B469-29D19C60BEB8}"
EndProject
Project("{9A19103F-16F7-4668-BE54-9A1E7A4F7556}") = "Tournament.Domain", "src\api\Tournament.Domain\Tournament.Domain.csproj", "{ABD47CE6-715F-47B7-8FDA-AA27A2BC5AE0}"
EndProject
Project("{9A19103F-16F7-4668-BE54-9A1E7A4F7556}") = "Tournament.Infra.Ioc", "src\api\Tournament.Infra.Ioc\Tournament.Infra.Ioc.csproj", "{E7945D73-085E-4FFA-A140-A0D04C9E6254}"
EndProject
Project("{2150E333-8FDC-42A3-9474-1A3956D46DE8}") = "test", "test", "{F38DA8E7-397A-4E52-970A-2C1E94BEDA3B}"
EndProject
Project("{9A19103F-16F7-4668-BE54-9A1E7A4F7556}") = "Tournament.Test", "Tournament.Test\Tournament.Test.csproj", "{84147F52-4EB0-4534-AC32-DCE0B19E4F98}"
EndProject
Project("{9A19103F-16F7-4668-BE54-9A1E7A4F7556}") = "Tournament.CrossCutting", "src\api\Tournament.CrossCutting\Tournament.CrossCutting.csproj", "{49EFC4A6-E4CE-45CF-B36C-823E05D8BF86}"
EndProject
Project("{9A19103F-16F7-4668-BE54-9A1E7A4F7556}") = "Tournament.Data", "src\api\Tournament.Data\Tournament.Data.csproj", "{DC022E8D-E812-48F6-94FB-9FD0EF84B60A}"
EndProject
Project("{2150E333-8FDC-42A3-9474-1A3956D46DE8}") = "web", "web", "{F846BBAC-3200-4F67-8FDF-D37580F8C209}"
EndProject
Project("{FAE04EC0-301F-11D3-BF4B-00C04F79EFBC}") = "Tournament.Angular.Web", "src\web\Tournament.Angular.Web\Tournament.Angular.Web.csproj", "{12E0C353-DC91-41B6-97A4-3024E662466F}"
EndProject
Global
	GlobalSection(SolutionConfigurationPlatforms) = preSolution
		Debug|Any CPU = Debug|Any CPU
		Release|Any CPU = Release|Any CPU
	EndGlobalSection
	GlobalSection(ProjectConfigurationPlatforms) = postSolution
		{6EE049D3-00D4-4A3E-9B43-F787384A1592}.Debug|Any CPU.ActiveCfg = Debug|Any CPU
		{6EE049D3-00D4-4A3E-9B43-F787384A1592}.Debug|Any CPU.Build.0 = Debug|Any CPU
		{6EE049D3-00D4-4A3E-9B43-F787384A1592}.Release|Any CPU.ActiveCfg = Release|Any CPU
		{6EE049D3-00D4-4A3E-9B43-F787384A1592}.Release|Any CPU.Build.0 = Release|Any CPU
		{E535838B-64A7-4C40-B469-29D19C60BEB8}.Debug|Any CPU.ActiveCfg = Debug|Any CPU
		{E535838B-64A7-4C40-B469-29D19C60BEB8}.Debug|Any CPU.Build.0 = Debug|Any CPU
		{E535838B-64A7-4C40-B469-29D19C60BEB8}.Release|Any CPU.ActiveCfg = Release|Any CPU
		{E535838B-64A7-4C40-B469-29D19C60BEB8}.Release|Any CPU.Build.0 = Release|Any CPU
		{ABD47CE6-715F-47B7-8FDA-AA27A2BC5AE0}.Debug|Any CPU.ActiveCfg = Debug|Any CPU
		{ABD47CE6-715F-47B7-8FDA-AA27A2BC5AE0}.Debug|Any CPU.Build.0 = Debug|Any CPU
		{ABD47CE6-715F-47B7-8FDA-AA27A2BC5AE0}.Release|Any CPU.ActiveCfg = Release|Any CPU
		{ABD47CE6-715F-47B7-8FDA-AA27A2BC5AE0}.Release|Any CPU.Build.0 = Release|Any CPU
		{E7945D73-085E-4FFA-A140-A0D04C9E6254}.Debug|Any CPU.ActiveCfg = Debug|Any CPU
		{E7945D73-085E-4FFA-A140-A0D04C9E6254}.Debug|Any CPU.Build.0 = Debug|Any CPU
		{E7945D73-085E-4FFA-A140-A0D04C9E6254}.Release|Any CPU.ActiveCfg = Release|Any CPU
		{E7945D73-085E-4FFA-A140-A0D04C9E6254}.Release|Any CPU.Build.0 = Release|Any CPU
		{84147F52-4EB0-4534-AC32-DCE0B19E4F98}.Debug|Any CPU.ActiveCfg = Debug|Any CPU
		{84147F52-4EB0-4534-AC32-DCE0B19E4F98}.Debug|Any CPU.Build.0 = Debug|Any CPU
		{84147F52-4EB0-4534-AC32-DCE0B19E4F98}.Release|Any CPU.ActiveCfg = Release|Any CPU
		{84147F52-4EB0-4534-AC32-DCE0B19E4F98}.Release|Any CPU.Build.0 = Release|Any CPU
		{49EFC4A6-E4CE-45CF-B36C-823E05D8BF86}.Debug|Any CPU.ActiveCfg = Debug|Any CPU
		{49EFC4A6-E4CE-45CF-B36C-823E05D8BF86}.Debug|Any CPU.Build.0 = Debug|Any CPU
		{49EFC4A6-E4CE-45CF-B36C-823E05D8BF86}.Release|Any CPU.ActiveCfg = Release|Any CPU
		{49EFC4A6-E4CE-45CF-B36C-823E05D8BF86}.Release|Any CPU.Build.0 = Release|Any CPU
		{DC022E8D-E812-48F6-94FB-9FD0EF84B60A}.Debug|Any CPU.ActiveCfg = Debug|Any CPU
		{DC022E8D-E812-48F6-94FB-9FD0EF84B60A}.Debug|Any CPU.Build.0 = Debug|Any CPU
		{DC022E8D-E812-48F6-94FB-9FD0EF84B60A}.Release|Any CPU.ActiveCfg = Release|Any CPU
		{DC022E8D-E812-48F6-94FB-9FD0EF84B60A}.Release|Any CPU.Build.0 = Release|Any CPU
		{12E0C353-DC91-41B6-97A4-3024E662466F}.Debug|Any CPU.ActiveCfg = Debug|Any CPU
		{12E0C353-DC91-41B6-97A4-3024E662466F}.Debug|Any CPU.Build.0 = Debug|Any CPU
		{12E0C353-DC91-41B6-97A4-3024E662466F}.Release|Any CPU.ActiveCfg = Release|Any CPU
		{12E0C353-DC91-41B6-97A4-3024E662466F}.Release|Any CPU.Build.0 = Release|Any CPU
	EndGlobalSection
	GlobalSection(SolutionProperties) = preSolution
		HideSolutionNode = FALSE
	EndGlobalSection
	GlobalSection(NestedProjects) = preSolution
		{AFD43FE3-BA64-40B7-9501-BEE10C8CDFD3} = {7499526C-796A-4623-B557-746B4441A685}
		{6EE049D3-00D4-4A3E-9B43-F787384A1592} = {AFD43FE3-BA64-40B7-9501-BEE10C8CDFD3}
		{E535838B-64A7-4C40-B469-29D19C60BEB8} = {AFD43FE3-BA64-40B7-9501-BEE10C8CDFD3}
		{ABD47CE6-715F-47B7-8FDA-AA27A2BC5AE0} = {AFD43FE3-BA64-40B7-9501-BEE10C8CDFD3}
		{E7945D73-085E-4FFA-A140-A0D04C9E6254} = {AFD43FE3-BA64-40B7-9501-BEE10C8CDFD3}
		{84147F52-4EB0-4534-AC32-DCE0B19E4F98} = {F38DA8E7-397A-4E52-970A-2C1E94BEDA3B}
		{49EFC4A6-E4CE-45CF-B36C-823E05D8BF86} = {AFD43FE3-BA64-40B7-9501-BEE10C8CDFD3}
		{DC022E8D-E812-48F6-94FB-9FD0EF84B60A} = {AFD43FE3-BA64-40B7-9501-BEE10C8CDFD3}
		{F846BBAC-3200-4F67-8FDF-D37580F8C209} = {7499526C-796A-4623-B557-746B4441A685}
		{12E0C353-DC91-41B6-97A4-3024E662466F} = {F846BBAC-3200-4F67-8FDF-D37580F8C209}
	EndGlobalSection
	GlobalSection(ExtensibilityGlobals) = postSolution
		SolutionGuid = {F7ECE97E-F823-406A-AD2B-37ABA1877D99}
	EndGlobalSection
EndGlobal
